
Microsoft Visual Studio Solution File, Format Version 12.00
# Visual Studio Version 17
VisualStudioVersion = 17.14.36518.9 d17.14
MinimumVisualStudioVersion = 10.0.40219.1
Project("{FAE04EC0-301F-11D3-BF4B-00C04F79EFBC}") = "L5-L6", "L5-L6\L5-L6.csproj", "{09BBEBFD-73DF-41CF-A9E0-49EC356B8810}"
EndProject
Project("{2150E333-8FDC-42A3-9474-1A3956D46DE8}") = "Solution Items", "Solution Items", "{02EA681E-C7D8-13C7-8484-4AC65E1B71E8}"
	ProjectSection(SolutionItems) = preProject
		.editorconfig = .editorconfig
	EndProjectSection
EndProject
Global
	GlobalSection(SolutionConfigurationPlatforms) = preSolution
		Debug|Any CPU = Debug|Any CPU
		Release|Any CPU = Release|Any CPU
	EndGlobalSection
	GlobalSection(ProjectConfigurationPlatforms) = postSolution
		{09BBEBFD-73DF-41CF-A9E0-49EC356B8810}.Debug|Any CPU.ActiveCfg = Debug|Any CPU
		{09BBEBFD-73DF-41CF-A9E0-49EC356B8810}.Debug|Any CPU.Build.0 = Debug|Any CPU
		{09BBEBFD-73DF-41CF-A9E0-49EC356B8810}.Release|Any CPU.ActiveCfg = Release|Any CPU
		{09BBEBFD-73DF-41CF-A9E0-49EC356B8810}.Release|Any CPU.Build.0 = Release|Any CPU
	EndGlobalSection
	GlobalSection(SolutionProperties) = preSolution
		HideSolutionNode = FALSE
	EndGlobalSection
	GlobalSection(ExtensibilityGlobals) = postSolution
		SolutionGuid = {1561B9D2-2048-4C04-A231-1EC75EF36BB1}
	EndGlobalSection
EndGlobal
